{
  "name": "OAApp3",
  "version": "1.0.0",
  "lockfileVersion": 1,
  "requires": true,
  "dependencies": {
    "thorui-uni": {
      "version": "1.6.5",
      "resolved": "https://registry.nlark.com/thorui-uni/download/thorui-uni-1.6.5.tgz",
      "integrity": "sha1-pmkO+EjTs5DwMHmPqzXnYWtz5j8="
    }
  }
}
